
Microsoft Visual Studio Solution File, Format Version 12.00
# Visual Studio 15
Project("{FAE04EC0-301F-11D3-BF4B-00C04F79EFBC}") = "Assembly-CSharp-Editor", "Assembly-CSharp-Editor.csproj", "{CD82C318-1001-7A51-805E-14D14132C120}"
EndProject
Project("{FAE04EC0-301F-11D3-BF4B-00C04F79EFBC}") = "Assembly-CSharp", "Assembly-CSharp.csproj", "{2B2CD778-4774-4225-CCBF-FBA0193CEC88}"
EndProject
Global
	GlobalSection(SolutionConfigurationPlatforms) = preSolution
		Debug|Any CPU = Debug|Any CPU
		Release|Any CPU = Release|Any CPU
	EndGlobalSection
	GlobalSection(ProjectConfigurationPlatforms) = postSolution
		{CD82C318-1001-7A51-805E-14D14132C120}.Debug|Any CPU.ActiveCfg = Debug|Any CPU
		{CD82C318-1001-7A51-805E-14D14132C120}.Debug|Any CPU.Build.0 = Debug|Any CPU
		{CD82C318-1001-7A51-805E-14D14132C120}.Release|Any CPU.ActiveCfg = Release|Any CPU
		{CD82C318-1001-7A51-805E-14D14132C120}.Release|Any CPU.Build.0 = Release|Any CPU
		{2B2CD778-4774-4225-CCBF-FBA0193CEC88}.Debug|Any CPU.ActiveCfg = Debug|Any CPU
		{2B2CD778-4774-4225-CCBF-FBA0193CEC88}.Debug|Any CPU.Build.0 = Debug|Any CPU
		{2B2CD778-4774-4225-CCBF-FBA0193CEC88}.Release|Any CPU.ActiveCfg = Release|Any CPU
		{2B2CD778-4774-4225-CCBF-FBA0193CEC88}.Release|Any CPU.Build.0 = Release|Any CPU
	EndGlobalSection
	GlobalSection(SolutionProperties) = preSolution
		HideSolutionNode = FALSE
	EndGlobalSection
EndGlobal
